// !$*UTF8*$!
{
	archiveVersion = 1;
	classes = {
	};
	objectVersion = 55;
	objects = {

/* Begin PBXBuildFile section */
		C312C83B282B05590039B77D /* NSObject+Extensions.swift in Sources */ = {isa = PBXBuildFile; fileRef = C312C83A282B05590039B77D /* NSObject+Extensions.swift */; };
		C312C83D282B05F50039B77D /* ResumeViewModel.swift in Sources */ = {isa = PBXBuildFile; fileRef = C312C83C282B05F50039B77D /* ResumeViewModel.swift */; };
		C312C840282B07610039B77D /* BaseViewModelProtocol.swift in Sources */ = {isa = PBXBuildFile; fileRef = C312C83F282B07610039B77D /* BaseViewModelProtocol.swift */; };
		C312C842282B07C40039B77D /* BaseViewModelDelegate.swift in Sources */ = {isa = PBXBuildFile; fileRef = C312C841282B07C40039B77D /* BaseViewModelDelegate.swift */; };
		C312C845282B0E670039B77D /* DiskDataProvider.swift in Sources */ = {isa = PBXBuildFile; fileRef = C312C844282B0E670039B77D /* DiskDataProvider.swift */; };
		C312C84A282B0F740039B77D /* ResumeModal.swift in Sources */ = {isa = PBXBuildFile; fileRef = C312C849282B0F740039B77D /* ResumeModal.swift */; };
		C312C84E282BCAEF0039B77D /* CreateResumeUtils.swift in Sources */ = {isa = PBXBuildFile; fileRef = C312C84D282BCAEF0039B77D /* CreateResumeUtils.swift */; };
		C312C850282BD6520039B77D /* BaseViewController.swift in Sources */ = {isa = PBXBuildFile; fileRef = C312C84F282BD6520039B77D /* BaseViewController.swift */; };
		C312C852282BD6B00039B77D /* UIViewController+Extensions.swift in Sources */ = {isa = PBXBuildFile; fileRef = C312C851282BD6B00039B77D /* UIViewController+Extensions.swift */; };
		C312C854282BDCC90039B77D /* ProjectDetailsModal.swift in Sources */ = {isa = PBXBuildFile; fileRef = C312C853282BDCC90039B77D /* ProjectDetailsModal.swift */; };
		C312C856282BDF320039B77D /* EducationDetailsModal.swift in Sources */ = {isa = PBXBuildFile; fileRef = C312C855282BDF320039B77D /* EducationDetailsModal.swift */; };
		C312C85A282BF3CE0039B77D /* UserDefaultKeys.swift in Sources */ = {isa = PBXBuildFile; fileRef = C312C859282BF3CE0039B77D /* UserDefaultKeys.swift */; };
		C312C865282C1BFC0039B77D /* SplashViewController.storyboard in Resources */ = {isa = PBXBuildFile; fileRef = C312C864282C1BFC0039B77D /* SplashViewController.storyboard */; };
		C312C867282C1C9B0039B77D /* SplashViewController.swift in Sources */ = {isa = PBXBuildFile; fileRef = C312C866282C1C9B0039B77D /* SplashViewController.swift */; };
		C312C86B282C38E20039B77D /* AddWorkSummaryViewController.swift in Sources */ = {isa = PBXBuildFile; fileRef = C312C869282C38E20039B77D /* AddWorkSummaryViewController.swift */; };
		C312C86C282C38E20039B77D /* AddWorkSummaryViewController.xib in Resources */ = {isa = PBXBuildFile; fileRef = C312C86A282C38E20039B77D /* AddWorkSummaryViewController.xib */; };
		C312C86E282C3DFA0039B77D /* AddWorkSummaryProtocol.swift in Sources */ = {isa = PBXBuildFile; fileRef = C312C86D282C3DFA0039B77D /* AddWorkSummaryProtocol.swift */; };
		C312C870282C3F030039B77D /* WorkSummaryModal.swift in Sources */ = {isa = PBXBuildFile; fileRef = C312C86F282C3F020039B77D /* WorkSummaryModal.swift */; };
		C3C33BE6282C5A61008D4B66 /* AddSkillViewController.swift in Sources */ = {isa = PBXBuildFile; fileRef = C3C33BE3282C5A61008D4B66 /* AddSkillViewController.swift */; };
		C3C33BE7282C5A61008D4B66 /* AddSkillViewController.xib in Resources */ = {isa = PBXBuildFile; fileRef = C3C33BE4282C5A61008D4B66 /* AddSkillViewController.xib */; };
		C3C33BE8282C5A61008D4B66 /* AddSkillProtocol.swift in Sources */ = {isa = PBXBuildFile; fileRef = C3C33BE5282C5A61008D4B66 /* AddSkillProtocol.swift */; };
		C3C3F650282A9B25007E523F /* AppDelegate.swift in Sources */ = {isa = PBXBuildFile; fileRef = C3C3F64F282A9B25007E523F /* AppDelegate.swift */; };
		C3C3F652282A9B25007E523F /* SceneDelegate.swift in Sources */ = {isa = PBXBuildFile; fileRef = C3C3F651282A9B25007E523F /* SceneDelegate.swift */; };
		C3C3F654282A9B25007E523F /* HomeViewController.swift in Sources */ = {isa = PBXBuildFile; fileRef = C3C3F653282A9B25007E523F /* HomeViewController.swift */; };
		C3C3F657282A9B25007E523F /* HomeViewController.storyboard in Resources */ = {isa = PBXBuildFile; fileRef = C3C3F655282A9B25007E523F /* HomeViewController.storyboard */; };
		C3C3F659282A9B26007E523F /* Assets.xcassets in Resources */ = {isa = PBXBuildFile; fileRef = C3C3F658282A9B26007E523F /* Assets.xcassets */; };
		C3C3F65C282A9B26007E523F /* LaunchScreen.storyboard in Resources */ = {isa = PBXBuildFile; fileRef = C3C3F65A282A9B26007E523F /* LaunchScreen.storyboard */; };
		C3C3F666282B01E0007E523F /* CreateResumeViewController.swift in Sources */ = {isa = PBXBuildFile; fileRef = C3C3F664282B01E0007E523F /* CreateResumeViewController.swift */; };
		C3C3F667282B01E0007E523F /* CreateResumeViewController.xib in Resources */ = {isa = PBXBuildFile; fileRef = C3C3F665282B01E0007E523F /* CreateResumeViewController.xib */; };
/* End PBXBuildFile section */

/* Begin PBXFileReference section */
		C312C83A282B05590039B77D /* NSObject+Extensions.swift */ = {isa = PBXFileReference; lastKnownFileType = sourcecode.swift; path = "NSObject+Extensions.swift"; sourceTree = "<group>"; };
		C312C83C282B05F50039B77D /* ResumeViewModel.swift */ = {isa = PBXFileReference; lastKnownFileType = sourcecode.swift; path = ResumeViewModel.swift; sourceTree = "<group>"; };
		C312C83F282B07610039B77D /* BaseViewModelProtocol.swift */ = {isa = PBXFileReference; lastKnownFileType = sourcecode.swift; path = BaseViewModelProtocol.swift; sourceTree = "<group>"; };
		C312C841282B07C40039B77D /* BaseViewModelDelegate.swift */ = {isa = PBXFileReference; lastKnownFileType = sourcecode.swift; path = BaseViewModelDelegate.swift; sourceTree = "<group>"; };
		C312C844282B0E670039B77D /* DiskDataProvider.swift */ = {isa = PBXFileReference; lastKnownFileType = sourcecode.swift; path = DiskDataProvider.swift; sourceTree = "<group>"; };
		C312C849282B0F740039B77D /* ResumeModal.swift */ = {isa = PBXFileReference; lastKnownFileType = sourcecode.swift; path = ResumeModal.swift; sourceTree = "<group>"; };
		C312C84D282BCAEF0039B77D /* CreateResumeUtils.swift */ = {isa = PBXFileReference; lastKnownFileType = sourcecode.swift; path = CreateResumeUtils.swift; sourceTree = "<group>"; };
		C312C84F282BD6520039B77D /* BaseViewController.swift */ = {isa = PBXFileReference; lastKnownFileType = sourcecode.swift; path = BaseViewController.swift; sourceTree = "<group>"; };
		C312C851282BD6B00039B77D /* UIViewController+Extensions.swift */ = {isa = PBXFileReference; lastKnownFileType = sourcecode.swift; path = "UIViewController+Extensions.swift"; sourceTree = "<group>"; };
		C312C853282BDCC90039B77D /* ProjectDetailsModal.swift */ = {isa = PBXFileReference; lastKnownFileType = sourcecode.swift; path = ProjectDetailsModal.swift; sourceTree = "<group>"; };
		C312C855282BDF320039B77D /* EducationDetailsModal.swift */ = {isa = PBXFileReference; lastKnownFileType = sourcecode.swift; path = EducationDetailsModal.swift; sourceTree = "<group>"; };
		C312C859282BF3CE0039B77D /* UserDefaultKeys.swift */ = {isa = PBXFileReference; lastKnownFileType = sourcecode.swift; path = UserDefaultKeys.swift; sourceTree = "<group>"; };
		C312C864282C1BFC0039B77D /* SplashViewController.storyboard */ = {isa = PBXFileReference; lastKnownFileType = file.storyboard; path = SplashViewController.storyboard; sourceTree = "<group>"; };
		C312C866282C1C9B0039B77D /* SplashViewController.swift */ = {isa = PBXFileReference; lastKnownFileType = sourcecode.swift; path = SplashViewController.swift; sourceTree = "<group>"; };
		C312C869282C38E20039B77D /* AddWorkSummaryViewController.swift */ = {isa = PBXFileReference; lastKnownFileType = sourcecode.swift; path = AddWorkSummaryViewController.swift; sourceTree = "<group>"; };
		C312C86A282C38E20039B77D /* AddWorkSummaryViewController.xib */ = {isa = PBXFileReference; lastKnownFileType = file.xib; path = AddWorkSummaryViewController.xib; sourceTree = "<group>"; };
		C312C86D282C3DFA0039B77D /* AddWorkSummaryProtocol.swift */ = {isa = PBXFileReference; lastKnownFileType = sourcecode.swift; path = AddWorkSummaryProtocol.swift; sourceTree = "<group>"; };
		C312C86F282C3F020039B77D /* WorkSummaryModal.swift */ = {isa = PBXFileReference; lastKnownFileType = sourcecode.swift; path = WorkSummaryModal.swift; sourceTree = "<group>"; };
		C3C33BE3282C5A61008D4B66 /* AddSkillViewController.swift */ = {isa = PBXFileReference; fileEncoding = 4; lastKnownFileType = sourcecode.swift; path = AddSkillViewController.swift; sourceTree = "<group>"; };
		C3C33BE4282C5A61008D4B66 /* AddSkillViewController.xib */ = {isa = PBXFileReference; fileEncoding = 4; lastKnownFileType = file.xib; path = AddSkillViewController.xib; sourceTree = "<group>"; };
		C3C33BE5282C5A61008D4B66 /* AddSkillProtocol.swift */ = {isa = PBXFileReference; fileEncoding = 4; lastKnownFileType = sourcecode.swift; path = AddSkillProtocol.swift; sourceTree = "<group>"; };
		C3C3F64C282A9B25007E523F /* ResumeApp.app */ = {isa = PBXFileReference; explicitFileType = wrapper.application; includeInIndex = 0; path = ResumeApp.app; sourceTree = BUILT_PRODUCTS_DIR; };
		C3C3F64F282A9B25007E523F /* AppDelegate.swift */ = {isa = PBXFileReference; lastKnownFileType = sourcecode.swift; path = AppDelegate.swift; sourceTree = "<group>"; };
		C3C3F651282A9B25007E523F /* SceneDelegate.swift */ = {isa = PBXFileReference; lastKnownFileType = sourcecode.swift; path = SceneDelegate.swift; sourceTree = "<group>"; };
		C3C3F653282A9B25007E523F /* HomeViewController.swift */ = {isa = PBXFileReference; lastKnownFileType = sourcecode.swift; path = HomeViewController.swift; sourceTree = "<group>"; };
		C3C3F656282A9B25007E523F /* Base */ = {isa = PBXFileReference; lastKnownFileType = file.storyboard; name = Base; path = Base.lproj/HomeViewController.storyboard; sourceTree = "<group>"; };
		C3C3F658282A9B26007E523F /* Assets.xcassets */ = {isa = PBXFileReference; lastKnownFileType = folder.assetcatalog; path = Assets.xcassets; sourceTree = "<group>"; };
		C3C3F65B282A9B26007E523F /* Base */ = {isa = PBXFileReference; lastKnownFileType = file.storyboard; name = Base; path = Base.lproj/LaunchScreen.storyboard; sourceTree = "<group>"; };
		C3C3F65D282A9B26007E523F /* Info.plist */ = {isa = PBXFileReference; lastKnownFileType = text.plist.xml; path = Info.plist; sourceTree = "<group>"; };
		C3C3F663282A9B3B007E523F /* README.md */ = {isa = PBXFileReference; lastKnownFileType = net.daringfireball.markdown; path = README.md; sourceTree = "<group>"; };
		C3C3F664282B01E0007E523F /* CreateResumeViewController.swift */ = {isa = PBXFileReference; lastKnownFileType = sourcecode.swift; path = CreateResumeViewController.swift; sourceTree = "<group>"; };
		C3C3F665282B01E0007E523F /* CreateResumeViewController.xib */ = {isa = PBXFileReference; lastKnownFileType = file.xib; path = CreateResumeViewController.xib; sourceTree = "<group>"; };
/* End PBXFileReference section */

/* Begin PBXFrameworksBuildPhase section */
		C3C3F649282A9B25007E523F /* Frameworks */ = {
			isa = PBXFrameworksBuildPhase;
			buildActionMask = 2147483647;
			files = (
			);
			runOnlyForDeploymentPostprocessing = 0;
		};
/* End PBXFrameworksBuildPhase section */

/* Begin PBXGroup section */
		C312C839282B05450039B77D /* Extensions */ = {
			isa = PBXGroup;
			children = (
				C312C83A282B05590039B77D /* NSObject+Extensions.swift */,
				C312C851282BD6B00039B77D /* UIViewController+Extensions.swift */,
			);
			path = Extensions;
			sourceTree = "<group>";
		};
		C312C83E282B07530039B77D /* Base */ = {
			isa = PBXGroup;
			children = (
				C312C83F282B07610039B77D /* BaseViewModelProtocol.swift */,
				C312C841282B07C40039B77D /* BaseViewModelDelegate.swift */,
				C312C84F282BD6520039B77D /* BaseViewController.swift */,
			);
			path = Base;
			sourceTree = "<group>";
		};
		C312C843282B0E580039B77D /* Data */ = {
			isa = PBXGroup;
			children = (
				C312C85C282BF7E60039B77D /* Disk */,
			);
			path = Data;
			sourceTree = "<group>";
		};
		C312C848282B0F690039B77D /* Modals */ = {
			isa = PBXGroup;
			children = (
				C312C849282B0F740039B77D /* ResumeModal.swift */,
				C312C86F282C3F020039B77D /* WorkSummaryModal.swift */,
				C312C853282BDCC90039B77D /* ProjectDetailsModal.swift */,
				C312C855282BDF320039B77D /* EducationDetailsModal.swift */,
			);
			path = Modals;
			sourceTree = "<group>";
		};
		C312C857282BF3B80039B77D /* Utils */ = {
			isa = PBXGroup;
			children = (
				C312C858282BF3BE0039B77D /* Constants */,
			);
			path = Utils;
			sourceTree = "<group>";
		};
		C312C858282BF3BE0039B77D /* Constants */ = {
			isa = PBXGroup;
			children = (
				C312C859282BF3CE0039B77D /* UserDefaultKeys.swift */,
			);
			path = Constants;
			sourceTree = "<group>";
		};
		C312C85C282BF7E60039B77D /* Disk */ = {
			isa = PBXGroup;
			children = (
				C312C844282B0E670039B77D /* DiskDataProvider.swift */,
			);
			path = Disk;
			sourceTree = "<group>";
		};
		C312C868282C38C90039B77D /* AddWorkSummary */ = {
			isa = PBXGroup;
			children = (
				C312C869282C38E20039B77D /* AddWorkSummaryViewController.swift */,
				C312C86A282C38E20039B77D /* AddWorkSummaryViewController.xib */,
				C312C86D282C3DFA0039B77D /* AddWorkSummaryProtocol.swift */,
			);
			path = AddWorkSummary;
			sourceTree = "<group>";
		};
		C3C33BD6282C59A0008D4B66 /* AddSkill */ = {
			isa = PBXGroup;
			children = (
				C3C33BE5282C5A61008D4B66 /* AddSkillProtocol.swift */,
				C3C33BE3282C5A61008D4B66 /* AddSkillViewController.swift */,
				C3C33BE4282C5A61008D4B66 /* AddSkillViewController.xib */,
			);
			path = AddSkill;
			sourceTree = "<group>";
		};
		C3C3F643282A9B25007E523F = {
			isa = PBXGroup;
			children = (
				C3C3F663282A9B3B007E523F /* README.md */,
				C3C3F64E282A9B25007E523F /* ResumeApp */,
				C3C3F64D282A9B25007E523F /* Products */,
			);
			sourceTree = "<group>";
		};
		C3C3F64D282A9B25007E523F /* Products */ = {
			isa = PBXGroup;
			children = (
				C3C3F64C282A9B25007E523F /* ResumeApp.app */,
			);
			name = Products;
			sourceTree = "<group>";
		};
		C3C3F64E282A9B25007E523F /* ResumeApp */ = {
			isa = PBXGroup;
			children = (
				C3C33BD6282C59A0008D4B66 /* AddSkill */,
				C312C868282C38C90039B77D /* AddWorkSummary */,
				C312C857282BF3B80039B77D /* Utils */,
				C312C848282B0F690039B77D /* Modals */,
				C312C843282B0E580039B77D /* Data */,
				C312C83E282B07530039B77D /* Base */,
				C312C839282B05450039B77D /* Extensions */,
				C3C3F65D282A9B26007E523F /* Info.plist */,
				C3C3F66B282B0237007E523F /* Support Files */,
				C3C3F669282B01FA007E523F /* Home */,
				C3C3F66A282B0223007E523F /* Splash */,
				C3C3F668282B01E9007E523F /* CreateResume */,
			);
			path = ResumeApp;
			sourceTree = "<group>";
		};
		C3C3F668282B01E9007E523F /* CreateResume */ = {
			isa = PBXGroup;
			children = (
				C3C3F664282B01E0007E523F /* CreateResumeViewController.swift */,
				C3C3F665282B01E0007E523F /* CreateResumeViewController.xib */,
				C312C83C282B05F50039B77D /* ResumeViewModel.swift */,
				C312C84D282BCAEF0039B77D /* CreateResumeUtils.swift */,
			);
			path = CreateResume;
			sourceTree = "<group>";
		};
		C3C3F669282B01FA007E523F /* Home */ = {
			isa = PBXGroup;
			children = (
				C3C3F653282A9B25007E523F /* HomeViewController.swift */,
				C3C3F655282A9B25007E523F /* HomeViewController.storyboard */,
			);
			path = Home;
			sourceTree = "<group>";
		};
		C3C3F66A282B0223007E523F /* Splash */ = {
			isa = PBXGroup;
			children = (
				C3C3F65A282A9B26007E523F /* LaunchScreen.storyboard */,
				C312C864282C1BFC0039B77D /* SplashViewController.storyboard */,
				C312C866282C1C9B0039B77D /* SplashViewController.swift */,
			);
			path = Splash;
			sourceTree = "<group>";
		};
		C3C3F66B282B0237007E523F /* Support Files */ = {
			isa = PBXGroup;
			children = (
				C3C3F64F282A9B25007E523F /* AppDelegate.swift */,
				C3C3F651282A9B25007E523F /* SceneDelegate.swift */,
				C3C3F658282A9B26007E523F /* Assets.xcassets */,
			);
			path = "Support Files";
			sourceTree = "<group>";
		};
/* End PBXGroup section */

/* Begin PBXNativeTarget section */
		C3C3F64B282A9B25007E523F /* ResumeApp */ = {
			isa = PBXNativeTarget;
			buildConfigurationList = C3C3F660282A9B26007E523F /* Build configuration list for PBXNativeTarget "ResumeApp" */;
			buildPhases = (
				C3C3F648282A9B25007E523F /* Sources */,
				C3C3F649282A9B25007E523F /* Frameworks */,
				C3C3F64A282A9B25007E523F /* Resources */,
			);
			buildRules = (
			);
			dependencies = (
			);
			name = ResumeApp;
			productName = ResumeApp;
			productReference = C3C3F64C282A9B25007E523F /* ResumeApp.app */;
			productType = "com.apple.product-type.application";
		};
/* End PBXNativeTarget section */

/* Begin PBXProject section */
		C3C3F644282A9B25007E523F /* Project object */ = {
			isa = PBXProject;
			attributes = {
				BuildIndependentTargetsInParallel = 1;
				LastSwiftUpdateCheck = 1330;
				LastUpgradeCheck = 1330;
				TargetAttributes = {
					C3C3F64B282A9B25007E523F = {
						CreatedOnToolsVersion = 13.3.1;
					};
				};
			};
			buildConfigurationList = C3C3F647282A9B25007E523F /* Build configuration list for PBXProject "ResumeApp" */;
			compatibilityVersion = "Xcode 13.0";
			developmentRegion = en;
			hasScannedForEncodings = 0;
			knownRegions = (
				en,
				Base,
			);
			mainGroup = C3C3F643282A9B25007E523F;
			productRefGroup = C3C3F64D282A9B25007E523F /* Products */;
			projectDirPath = "";
			projectRoot = "";
			targets = (
				C3C3F64B282A9B25007E523F /* ResumeApp */,
			);
		};
/* End PBXProject section */

/* Begin PBXResourcesBuildPhase section */
		C3C3F64A282A9B25007E523F /* Resources */ = {
			isa = PBXResourcesBuildPhase;
			buildActionMask = 2147483647;
			files = (
				C3C3F65C282A9B26007E523F /* LaunchScreen.storyboard in Resources */,
				C3C3F659282A9B26007E523F /* Assets.xcassets in Resources */,
				C312C86C282C38E20039B77D /* AddWorkSummaryViewController.xib in Resources */,
				C3C3F657282A9B25007E523F /* HomeViewController.storyboard in Resources */,
				C3C3F667282B01E0007E523F /* CreateResumeViewController.xib in Resources */,
				C3C33BE7282C5A61008D4B66 /* AddSkillViewController.xib in Resources */,
				C312C865282C1BFC0039B77D /* SplashViewController.storyboard in Resources */,
			);
			runOnlyForDeploymentPostprocessing = 0;
		};
/* End PBXResourcesBuildPhase section */

/* Begin PBXSourcesBuildPhase section */
		C3C3F648282A9B25007E523F /* Sources */ = {
			isa = PBXSourcesBuildPhase;
			buildActionMask = 2147483647;
			files = (
				C312C850282BD6520039B77D /* BaseViewController.swift in Sources */,
				C312C842282B07C40039B77D /* BaseViewModelDelegate.swift in Sources */,
				C312C83B282B05590039B77D /* NSObject+Extensions.swift in Sources */,
				C312C867282C1C9B0039B77D /* SplashViewController.swift in Sources */,
				C312C86E282C3DFA0039B77D /* AddWorkSummaryProtocol.swift in Sources */,
				C312C84A282B0F740039B77D /* ResumeModal.swift in Sources */,
				C312C870282C3F030039B77D /* WorkSummaryModal.swift in Sources */,
				C312C856282BDF320039B77D /* EducationDetailsModal.swift in Sources */,
				C312C84E282BCAEF0039B77D /* CreateResumeUtils.swift in Sources */,
				C3C33BE8282C5A61008D4B66 /* AddSkillProtocol.swift in Sources */,
				C312C854282BDCC90039B77D /* ProjectDetailsModal.swift in Sources */,
				C3C3F654282A9B25007E523F /* HomeViewController.swift in Sources */,
				C3C3F650282A9B25007E523F /* AppDelegate.swift in Sources */,
				C312C83D282B05F50039B77D /* ResumeViewModel.swift in Sources */,
				C312C85A282BF3CE0039B77D /* UserDefaultKeys.swift in Sources */,
				C3C33BE6282C5A61008D4B66 /* AddSkillViewController.swift in Sources */,
				C3C3F666282B01E0007E523F /* CreateResumeViewController.swift in Sources */,
				C312C852282BD6B00039B77D /* UIViewController+Extensions.swift in Sources */,
				C312C845282B0E670039B77D /* DiskDataProvider.swift in Sources */,
				C312C840282B07610039B77D /* BaseViewModelProtocol.swift in Sources */,
				C312C86B282C38E20039B77D /* AddWorkSummaryViewController.swift in Sources */,
				C3C3F652282A9B25007E523F /* SceneDelegate.swift in Sources */,
			);
			runOnlyForDeploymentPostprocessing = 0;
		};
/* End PBXSourcesBuildPhase section */

/* Begin PBXVariantGroup section */
		C3C3F655282A9B25007E523F /* HomeViewController.storyboard */ = {
			isa = PBXVariantGroup;
			children = (
				C3C3F656282A9B25007E523F /* Base */,
			);
			name = HomeViewController.storyboard;
			sourceTree = "<group>";
		};
		C3C3F65A282A9B26007E523F /* LaunchScreen.storyboard */ = {
			isa = PBXVariantGroup;
			children = (
				C3C3F65B282A9B26007E523F /* Base */,
			);
			name = LaunchScreen.storyboard;
			sourceTree = "<group>";
		};
/* End PBXVariantGroup section */

/* Begin XCBuildConfiguration section */
		C3C3F65E282A9B26007E523F /* Debug */ = {
			isa = XCBuildConfiguration;
			buildSettings = {
				ALWAYS_SEARCH_USER_PATHS = NO;
				CLANG_ANALYZER_NONNULL = YES;
				CLANG_ANALYZER_NUMBER_OBJECT_CONVERSION = YES_AGGRESSIVE;
				CLANG_CXX_LANGUAGE_STANDARD = "gnu++17";
				CLANG_ENABLE_MODULES = YES;
				CLANG_ENABLE_OBJC_ARC = YES;
				CLANG_ENABLE_OBJC_WEAK = YES;
				CLANG_WARN_BLOCK_CAPTURE_AUTORELEASING = YES;
				CLANG_WARN_BOOL_CONVERSION = YES;
				CLANG_WARN_COMMA = YES;
				CLANG_WARN_CONSTANT_CONVERSION = YES;
				CLANG_WARN_DEPRECATED_OBJC_IMPLEMENTATIONS = YES;
				CLANG_WARN_DIRECT_OBJC_ISA_USAGE = YES_ERROR;
				CLANG_WARN_DOCUMENTATION_COMMENTS = YES;
				CLANG_WARN_EMPTY_BODY = YES;
				CLANG_WARN_ENUM_CONVERSION = YES;
				CLANG_WARN_INFINITE_RECURSION = YES;
				CLANG_WARN_INT_CONVERSION = YES;
				CLANG_WARN_NON_LITERAL_NULL_CONVERSION = YES;
				CLANG_WARN_OBJC_IMPLICIT_RETAIN_SELF = YES;
				CLANG_WARN_OBJC_LITERAL_CONVERSION = YES;
				CLANG_WARN_OBJC_ROOT_CLASS = YES_ERROR;
				CLANG_WARN_QUOTED_INCLUDE_IN_FRAMEWORK_HEADER = YES;
				CLANG_WARN_RANGE_LOOP_ANALYSIS = YES;
				CLANG_WARN_STRICT_PROTOTYPES = YES;
				CLANG_WARN_SUSPICIOUS_MOVE = YES;
				CLANG_WARN_UNGUARDED_AVAILABILITY = YES_AGGRESSIVE;
				CLANG_WARN_UNREACHABLE_CODE = YES;
				CLANG_WARN__DUPLICATE_METHOD_MATCH = YES;
				COPY_PHASE_STRIP = NO;
				DEBUG_INFORMATION_FORMAT = dwarf;
				ENABLE_STRICT_OBJC_MSGSEND = YES;
				ENABLE_TESTABILITY = YES;
				GCC_C_LANGUAGE_STANDARD = gnu11;
				GCC_DYNAMIC_NO_PIC = NO;
				GCC_NO_COMMON_BLOCKS = YES;
				GCC_OPTIMIZATION_LEVEL = 0;
				GCC_PREPROCESSOR_DEFINITIONS = (
					"DEBUG=1",
					"$(inherited)",
				);
				GCC_WARN_64_TO_32_BIT_CONVERSION = YES;
				GCC_WARN_ABOUT_RETURN_TYPE = YES_ERROR;
				GCC_WARN_UNDECLARED_SELECTOR = YES;
				GCC_WARN_UNINITIALIZED_AUTOS = YES_AGGRESSIVE;
				GCC_WARN_UNUSED_FUNCTION = YES;
				GCC_WARN_UNUSED_VARIABLE = YES;
				IPHONEOS_DEPLOYMENT_TARGET = 15.4;
				MTL_ENABLE_DEBUG_INFO = INCLUDE_SOURCE;
				MTL_FAST_MATH = YES;
				ONLY_ACTIVE_ARCH = YES;
				SDKROOT = iphoneos;
				SWIFT_ACTIVE_COMPILATION_CONDITIONS = DEBUG;
				SWIFT_OPTIMIZATION_LEVEL = "-Onone";
			};
			name = Debug;
		};
		C3C3F65F282A9B26007E523F /* Release */ = {
			isa = XCBuildConfiguration;
			buildSettings = {
				ALWAYS_SEARCH_USER_PATHS = NO;
				CLANG_ANALYZER_NONNULL = YES;
				CLANG_ANALYZER_NUMBER_OBJECT_CONVERSION = YES_AGGRESSIVE;
				CLANG_CXX_LANGUAGE_STANDARD = "gnu++17";
				CLANG_ENABLE_MODULES = YES;
				CLANG_ENABLE_OBJC_ARC = YES;
				CLANG_ENABLE_OBJC_WEAK = YES;
				CLANG_WARN_BLOCK_CAPTURE_AUTORELEASING = YES;
				CLANG_WARN_BOOL_CONVERSION = YES;
				CLANG_WARN_COMMA = YES;
				CLANG_WARN_CONSTANT_CONVERSION = YES;
				CLANG_WARN_DEPRECATED_OBJC_IMPLEMENTATIONS = YES;
				CLANG_WARN_DIRECT_OBJC_ISA_USAGE = YES_ERROR;
				CLANG_WARN_DOCUMENTATION_COMMENTS = YES;
				CLANG_WARN_EMPTY_BODY = YES;
				CLANG_WARN_ENUM_CONVERSION = YES;
				CLANG_WARN_INFINITE_RECURSION = YES;
				CLANG_WARN_INT_CONVERSION = YES;
				CLANG_WARN_NON_LITERAL_NULL_CONVERSION = YES;
				CLANG_WARN_OBJC_IMPLICIT_RETAIN_SELF = YES;
				CLANG_WARN_OBJC_LITERAL_CONVERSION = YES;
				CLANG_WARN_OBJC_ROOT_CLASS = YES_ERROR;
				CLANG_WARN_QUOTED_INCLUDE_IN_FRAMEWORK_HEADER = YES;
				CLANG_WARN_RANGE_LOOP_ANALYSIS = YES;
				CLANG_WARN_STRICT_PROTOTYPES = YES;
				CLANG_WARN_SUSPICIOUS_MOVE = YES;
				CLANG_WARN_UNGUARDED_AVAILABILITY = YES_AGGRESSIVE;
				CLANG_WARN_UNREACHABLE_CODE = YES;
				CLANG_WARN__DUPLICATE_METHOD_MATCH = YES;
				COPY_PHASE_STRIP = NO;
				DEBUG_INFORMATION_FORMAT = "dwarf-with-dsym";
				ENABLE_NS_ASSERTIONS = NO;
				ENABLE_STRICT_OBJC_MSGSEND = YES;
				GCC_C_LANGUAGE_STANDARD = gnu11;
				GCC_NO_COMMON_BLOCKS = YES;
				GCC_WARN_64_TO_32_BIT_CONVERSION = YES;
				GCC_WARN_ABOUT_RETURN_TYPE = YES_ERROR;
				GCC_WARN_UNDECLARED_SELECTOR = YES;
				GCC_WARN_UNINITIALIZED_AUTOS = YES_AGGRESSIVE;
				GCC_WARN_UNUSED_FUNCTION = YES;
				GCC_WARN_UNUSED_VARIABLE = YES;
				IPHONEOS_DEPLOYMENT_TARGET = 15.4;
				MTL_ENABLE_DEBUG_INFO = NO;
				MTL_FAST_MATH = YES;
				SDKROOT = iphoneos;
				SWIFT_COMPILATION_MODE = wholemodule;
				SWIFT_OPTIMIZATION_LEVEL = "-O";
				VALIDATE_PRODUCT = YES;
			};
			name = Release;
		};
		C3C3F661282A9B26007E523F /* Debug */ = {
			isa = XCBuildConfiguration;
			buildSettings = {
				ASSETCATALOG_COMPILER_APPICON_NAME = AppIcon;
				ASSETCATALOG_COMPILER_GLOBAL_ACCENT_COLOR_NAME = AccentColor;
				CODE_SIGN_STYLE = Automatic;
				CURRENT_PROJECT_VERSION = 1;
				GENERATE_INFOPLIST_FILE = YES;
				INFOPLIST_FILE = ResumeApp/Info.plist;
				INFOPLIST_KEY_UIApplicationSupportsIndirectInputEvents = YES;
				INFOPLIST_KEY_UILaunchStoryboardName = LaunchScreen;
				INFOPLIST_KEY_UIMainStoryboardFile = SplashViewController;
				INFOPLIST_KEY_UISupportedInterfaceOrientations = "UIInterfaceOrientationPortrait UIInterfaceOrientationPortraitUpsideDown";
				INFOPLIST_KEY_UISupportedInterfaceOrientations_iPad = "UIInterfaceOrientationPortrait UIInterfaceOrientationPortraitUpsideDown UIInterfaceOrientationLandscapeLeft UIInterfaceOrientationLandscapeRight";
				INFOPLIST_KEY_UISupportedInterfaceOrientations_iPhone = "UIInterfaceOrientationPortrait UIInterfaceOrientationLandscapeLeft UIInterfaceOrientationLandscapeRight";
				IPHONEOS_DEPLOYMENT_TARGET = 13.0;
				LD_RUNPATH_SEARCH_PATHS = (
					"$(inherited)",
					"@executable_path/Frameworks",
				);
				MARKETING_VERSION = 1.0;
				PRODUCT_BUNDLE_IDENTIFIER = deleteme.ResumeApp;
				PRODUCT_NAME = "$(TARGET_NAME)";
				SWIFT_EMIT_LOC_STRINGS = YES;
				SWIFT_VERSION = 5.0;
				TARGETED_DEVICE_FAMILY = "1,2";
			};
			name = Debug;
		};
		C3C3F662282A9B26007E523F /* Release */ = {
			isa = XCBuildConfiguration;
			buildSettings = {
				ASSETCATALOG_COMPILER_APPICON_NAME = AppIcon;
				ASSETCATALOG_COMPILER_GLOBAL_ACCENT_COLOR_NAME = AccentColor;
				CODE_SIGN_STYLE = Automatic;
				CURRENT_PROJECT_VERSION = 1;
				GENERATE_INFOPLIST_FILE = YES;
				INFOPLIST_FILE = ResumeApp/Info.plist;
				INFOPLIST_KEY_UIApplicationSupportsIndirectInputEvents = YES;
				INFOPLIST_KEY_UILaunchStoryboardName = LaunchScreen;
				INFOPLIST_KEY_UIMainStoryboardFile = SplashViewController;
				INFOPLIST_KEY_UISupportedInterfaceOrientations = "UIInterfaceOrientationPortrait UIInterfaceOrientationPortraitUpsideDown";
				INFOPLIST_KEY_UISupportedInterfaceOrientations_iPad = "UIInterfaceOrientationPortrait UIInterfaceOrientationPortraitUpsideDown UIInterfaceOrientationLandscapeLeft UIInterfaceOrientationLandscapeRight";
				INFOPLIST_KEY_UISupportedInterfaceOrientations_iPhone = "UIInterfaceOrientationPortrait UIInterfaceOrientationLandscapeLeft UIInterfaceOrientationLandscapeRight";
				IPHONEOS_DEPLOYMENT_TARGET = 13.0;
				LD_RUNPATH_SEARCH_PATHS = (
					"$(inherited)",
					"@executable_path/Frameworks",
				);
				MARKETING_VERSION = 1.0;
				PRODUCT_BUNDLE_IDENTIFIER = deleteme.ResumeApp;
				PRODUCT_NAME = "$(TARGET_NAME)";
				SWIFT_EMIT_LOC_STRINGS = YES;
				SWIFT_VERSION = 5.0;
				TARGETED_DEVICE_FAMILY = "1,2";
			};
			name = Release;
		};
/* End XCBuildConfiguration section */

/* Begin XCConfigurationList section */
		C3C3F647282A9B25007E523F /* Build configuration list for PBXProject "ResumeApp" */ = {
			isa = XCConfigurationList;
			buildConfigurations = (
				C3C3F65E282A9B26007E523F /* Debug */,
				C3C3F65F282A9B26007E523F /* Release */,
			);
			defaultConfigurationIsVisible = 0;
			defaultConfigurationName = Release;
		};
		C3C3F660282A9B26007E523F /* Build configuration list for PBXNativeTarget "ResumeApp" */ = {
			isa = XCConfigurationList;
			buildConfigurations = (
				C3C3F661282A9B26007E523F /* Debug */,
				C3C3F662282A9B26007E523F /* Release */,
			);
			defaultConfigurationIsVisible = 0;
			defaultConfigurationName = Release;
		};
/* End XCConfigurationList section */
	};
	rootObject = C3C3F644282A9B25007E523F /* Project object */;
}
